
Microsoft Visual Studio Solution File, Format Version 12.00
# Visual Studio Version 16
VisualStudioVersion = 16.0.30503.244
MinimumVisualStudioVersion = 10.0.40219.1
Project("{8BC9CEB8-8B4A-11D0-8D11-00A0C91BC942}") = "NottextAntiDriver", "NottextAntiRootkitDrv\NottextAntiRootkitDrv.vcxproj", "{DED82EF8-36B6-46D8-BB79-8F0BE1BC7A18}"
EndProject
Project("{FAE04EC0-301F-11D3-BF4B-00C04F79EFBC}") = "GUI", "..\GUI\GUI.csproj", "{350CEF81-7B5E-48DB-A6A8-8E7578135DE5}"
EndProject
Project("{FAE04EC0-301F-11D3-BF4B-00C04F79EFBC}") = "KernelProcessList", "..\KernelProcessList\KernelProcessList.csproj", "{28C1E541-651A-4E5D-8153-0278D69735B0}"
EndProject
Project("{FAE04EC0-301F-11D3-BF4B-00C04F79EFBC}") = "CleanupFiles", "..\CleanupFiles\CleanupFiles.csproj", "{0D1DF2AA-E4EC-4F1C-ADC2-ADDDB556C308}"
EndProject
Global
	GlobalSection(SolutionConfigurationPlatforms) = preSolution
		Debug|Any CPU = Debug|Any CPU
		Debug|ARM = Debug|ARM
		Debug|ARM64 = Debug|ARM64
		Debug|x64 = Debug|x64
		Debug|x86 = Debug|x86
		Release|Any CPU = Release|Any CPU
		Release|ARM = Release|ARM
		Release|ARM64 = Release|ARM64
		Release|x64 = Release|x64
		Release|x86 = Release|x86
	EndGlobalSection
	GlobalSection(ProjectConfigurationPlatforms) = postSolution
		{DED82EF8-36B6-46D8-BB79-8F0BE1BC7A18}.Debug|Any CPU.ActiveCfg = Debug|Win32
		{DED82EF8-36B6-46D8-BB79-8F0BE1BC7A18}.Debug|ARM.ActiveCfg = Debug|ARM
		{DED82EF8-36B6-46D8-BB79-8F0BE1BC7A18}.Debug|ARM.Build.0 = Debug|ARM
		{DED82EF8-36B6-46D8-BB79-8F0BE1BC7A18}.Debug|ARM.Deploy.0 = Debug|ARM
		{DED82EF8-36B6-46D8-BB79-8F0BE1BC7A18}.Debug|ARM64.ActiveCfg = Debug|ARM64
		{DED82EF8-36B6-46D8-BB79-8F0BE1BC7A18}.Debug|ARM64.Build.0 = Debug|ARM64
		{DED82EF8-36B6-46D8-BB79-8F0BE1BC7A18}.Debug|ARM64.Deploy.0 = Debug|ARM64
		{DED82EF8-36B6-46D8-BB79-8F0BE1BC7A18}.Debug|x64.ActiveCfg = Debug|x64
		{DED82EF8-36B6-46D8-BB79-8F0BE1BC7A18}.Debug|x64.Build.0 = Debug|x64
		{DED82EF8-36B6-46D8-BB79-8F0BE1BC7A18}.Debug|x64.Deploy.0 = Debug|x64
		{DED82EF8-36B6-46D8-BB79-8F0BE1BC7A18}.Debug|x86.ActiveCfg = Debug|Win32
		{DED82EF8-36B6-46D8-BB79-8F0BE1BC7A18}.Debug|x86.Build.0 = Debug|Win32
		{DED82EF8-36B6-46D8-BB79-8F0BE1BC7A18}.Debug|x86.Deploy.0 = Debug|Win32
		{DED82EF8-36B6-46D8-BB79-8F0BE1BC7A18}.Release|Any CPU.ActiveCfg = Release|Win32
		{DED82EF8-36B6-46D8-BB79-8F0BE1BC7A18}.Release|ARM.ActiveCfg = Release|ARM
		{DED82EF8-36B6-46D8-BB79-8F0BE1BC7A18}.Release|ARM.Build.0 = Release|ARM
		{DED82EF8-36B6-46D8-BB79-8F0BE1BC7A18}.Release|ARM.Deploy.0 = Release|ARM
		{DED82EF8-36B6-46D8-BB79-8F0BE1BC7A18}.Release|ARM64.ActiveCfg = Release|ARM64
		{DED82EF8-36B6-46D8-BB79-8F0BE1BC7A18}.Release|ARM64.Build.0 = Release|ARM64
		{DED82EF8-36B6-46D8-BB79-8F0BE1BC7A18}.Release|ARM64.Deploy.0 = Release|ARM64
		{DED82EF8-36B6-46D8-BB79-8F0BE1BC7A18}.Release|x64.ActiveCfg = Release|x64
		{DED82EF8-36B6-46D8-BB79-8F0BE1BC7A18}.Release|x64.Build.0 = Release|x64
		{DED82EF8-36B6-46D8-BB79-8F0BE1BC7A18}.Release|x64.Deploy.0 = Release|x64
		{DED82EF8-36B6-46D8-BB79-8F0BE1BC7A18}.Release|x86.ActiveCfg = Release|Win32
		{DED82EF8-36B6-46D8-BB79-8F0BE1BC7A18}.Release|x86.Build.0 = Release|Win32
		{DED82EF8-36B6-46D8-BB79-8F0BE1BC7A18}.Release|x86.Deploy.0 = Release|Win32
		{350CEF81-7B5E-48DB-A6A8-8E7578135DE5}.Debug|Any CPU.ActiveCfg = Debug|Any CPU
		{350CEF81-7B5E-48DB-A6A8-8E7578135DE5}.Debug|Any CPU.Build.0 = Debug|Any CPU
		{350CEF81-7B5E-48DB-A6A8-8E7578135DE5}.Debug|ARM.ActiveCfg = Debug|Any CPU
		{350CEF81-7B5E-48DB-A6A8-8E7578135DE5}.Debug|ARM.Build.0 = Debug|Any CPU
		{350CEF81-7B5E-48DB-A6A8-8E7578135DE5}.Debug|ARM64.ActiveCfg = Debug|Any CPU
		{350CEF81-7B5E-48DB-A6A8-8E7578135DE5}.Debug|ARM64.Build.0 = Debug|Any CPU
		{350CEF81-7B5E-48DB-A6A8-8E7578135DE5}.Debug|x64.ActiveCfg = Debug|Any CPU
		{350CEF81-7B5E-48DB-A6A8-8E7578135DE5}.Debug|x64.Build.0 = Debug|Any CPU
		{350CEF81-7B5E-48DB-A6A8-8E7578135DE5}.Debug|x86.ActiveCfg = Debug|Any CPU
		{350CEF81-7B5E-48DB-A6A8-8E7578135DE5}.Debug|x86.Build.0 = Debug|Any CPU
		{350CEF81-7B5E-48DB-A6A8-8E7578135DE5}.Release|Any CPU.ActiveCfg = Release|Any CPU
		{350CEF81-7B5E-48DB-A6A8-8E7578135DE5}.Release|Any CPU.Build.0 = Release|Any CPU
		{350CEF81-7B5E-48DB-A6A8-8E7578135DE5}.Release|ARM.ActiveCfg = Release|Any CPU
		{350CEF81-7B5E-48DB-A6A8-8E7578135DE5}.Release|ARM.Build.0 = Release|Any CPU
		{350CEF81-7B5E-48DB-A6A8-8E7578135DE5}.Release|ARM64.ActiveCfg = Release|Any CPU
		{350CEF81-7B5E-48DB-A6A8-8E7578135DE5}.Release|ARM64.Build.0 = Release|Any CPU
		{350CEF81-7B5E-48DB-A6A8-8E7578135DE5}.Release|x64.ActiveCfg = Release|Any CPU
		{350CEF81-7B5E-48DB-A6A8-8E7578135DE5}.Release|x64.Build.0 = Release|Any CPU
		{350CEF81-7B5E-48DB-A6A8-8E7578135DE5}.Release|x86.ActiveCfg = Release|Any CPU
		{350CEF81-7B5E-48DB-A6A8-8E7578135DE5}.Release|x86.Build.0 = Release|Any CPU
		{28C1E541-651A-4E5D-8153-0278D69735B0}.Debug|Any CPU.ActiveCfg = Debug|Any CPU
		{28C1E541-651A-4E5D-8153-0278D69735B0}.Debug|Any CPU.Build.0 = Debug|Any CPU
		{28C1E541-651A-4E5D-8153-0278D69735B0}.Debug|ARM.ActiveCfg = Debug|Any CPU
		{28C1E541-651A-4E5D-8153-0278D69735B0}.Debug|ARM.Build.0 = Debug|Any CPU
		{28C1E541-651A-4E5D-8153-0278D69735B0}.Debug|ARM64.ActiveCfg = Debug|Any CPU
		{28C1E541-651A-4E5D-8153-0278D69735B0}.Debug|ARM64.Build.0 = Debug|Any CPU
		{28C1E541-651A-4E5D-8153-0278D69735B0}.Debug|x64.ActiveCfg = Debug|Any CPU
		{28C1E541-651A-4E5D-8153-0278D69735B0}.Debug|x64.Build.0 = Debug|Any CPU
		{28C1E541-651A-4E5D-8153-0278D69735B0}.Debug|x86.ActiveCfg = Debug|Any CPU
		{28C1E541-651A-4E5D-8153-0278D69735B0}.Debug|x86.Build.0 = Debug|Any CPU
		{28C1E541-651A-4E5D-8153-0278D69735B0}.Release|Any CPU.ActiveCfg = Release|Any CPU
		{28C1E541-651A-4E5D-8153-0278D69735B0}.Release|Any CPU.Build.0 = Release|Any CPU
		{28C1E541-651A-4E5D-8153-0278D69735B0}.Release|ARM.ActiveCfg = Release|Any CPU
		{28C1E541-651A-4E5D-8153-0278D69735B0}.Release|ARM.Build.0 = Release|Any CPU
		{28C1E541-651A-4E5D-8153-0278D69735B0}.Release|ARM64.ActiveCfg = Release|Any CPU
		{28C1E541-651A-4E5D-8153-0278D69735B0}.Release|ARM64.Build.0 = Release|Any CPU
		{28C1E541-651A-4E5D-8153-0278D69735B0}.Release|x64.ActiveCfg = Release|Any CPU
		{28C1E541-651A-4E5D-8153-0278D69735B0}.Release|x64.Build.0 = Release|Any CPU
		{28C1E541-651A-4E5D-8153-0278D69735B0}.Release|x86.ActiveCfg = Release|Any CPU
		{28C1E541-651A-4E5D-8153-0278D69735B0}.Release|x86.Build.0 = Release|Any CPU
		{0D1DF2AA-E4EC-4F1C-ADC2-ADDDB556C308}.Debug|Any CPU.ActiveCfg = Debug|Any CPU
		{0D1DF2AA-E4EC-4F1C-ADC2-ADDDB556C308}.Debug|Any CPU.Build.0 = Debug|Any CPU
		{0D1DF2AA-E4EC-4F1C-ADC2-ADDDB556C308}.Debug|ARM.ActiveCfg = Debug|Any CPU
		{0D1DF2AA-E4EC-4F1C-ADC2-ADDDB556C308}.Debug|ARM.Build.0 = Debug|Any CPU
		{0D1DF2AA-E4EC-4F1C-ADC2-ADDDB556C308}.Debug|ARM64.ActiveCfg = Debug|Any CPU
		{0D1DF2AA-E4EC-4F1C-ADC2-ADDDB556C308}.Debug|ARM64.Build.0 = Debug|Any CPU
		{0D1DF2AA-E4EC-4F1C-ADC2-ADDDB556C308}.Debug|x64.ActiveCfg = Debug|Any CPU
		{0D1DF2AA-E4EC-4F1C-ADC2-ADDDB556C308}.Debug|x64.Build.0 = Debug|Any CPU
		{0D1DF2AA-E4EC-4F1C-ADC2-ADDDB556C308}.Debug|x86.ActiveCfg = Debug|Any CPU
		{0D1DF2AA-E4EC-4F1C-ADC2-ADDDB556C308}.Debug|x86.Build.0 = Debug|Any CPU
		{0D1DF2AA-E4EC-4F1C-ADC2-ADDDB556C308}.Release|Any CPU.ActiveCfg = Release|Any CPU
		{0D1DF2AA-E4EC-4F1C-ADC2-ADDDB556C308}.Release|Any CPU.Build.0 = Release|Any CPU
		{0D1DF2AA-E4EC-4F1C-ADC2-ADDDB556C308}.Release|ARM.ActiveCfg = Release|Any CPU
		{0D1DF2AA-E4EC-4F1C-ADC2-ADDDB556C308}.Release|ARM.Build.0 = Release|Any CPU
		{0D1DF2AA-E4EC-4F1C-ADC2-ADDDB556C308}.Release|ARM64.ActiveCfg = Release|Any CPU
		{0D1DF2AA-E4EC-4F1C-ADC2-ADDDB556C308}.Release|ARM64.Build.0 = Release|Any CPU
		{0D1DF2AA-E4EC-4F1C-ADC2-ADDDB556C308}.Release|x64.ActiveCfg = Release|Any CPU
		{0D1DF2AA-E4EC-4F1C-ADC2-ADDDB556C308}.Release|x64.Build.0 = Release|Any CPU
		{0D1DF2AA-E4EC-4F1C-ADC2-ADDDB556C308}.Release|x86.ActiveCfg = Release|Any CPU
		{0D1DF2AA-E4EC-4F1C-ADC2-ADDDB556C308}.Release|x86.Build.0 = Release|Any CPU
	EndGlobalSection
	GlobalSection(SolutionProperties) = preSolution
		HideSolutionNode = FALSE
	EndGlobalSection
	GlobalSection(ExtensibilityGlobals) = postSolution
		SolutionGuid = {9905A9B5-1A2B-4874-99E3-B5EA515A4785}
	EndGlobalSection
EndGlobal
